
Microsoft Visual Studio Solution File, Format Version 12.00
# Visual Studio Version 17
VisualStudioVersion = 17.10.34928.147
MinimumVisualStudioVersion = 10.0.40219.1
Project("{FAE04EC0-301F-11D3-BF4B-00C04F79EFBC}") = "Exchange", "Exchange.csproj", "{557669F4-5D43-4265-A2A0-24DDF8E1E8C1}"
EndProject
Project("{FAE04EC0-301F-11D3-BF4B-00C04F79EFBC}") = "ExchangeTests", "..\ExchangeTest\ExchangeTests.csproj", "{CD8256B5-8520-41AB-8F7F-5F5727A6AC42}"
EndProject
Global
	GlobalSection(SolutionConfigurationPlatforms) = preSolution
		Debug|Any CPU = Debug|Any CPU
		Release|Any CPU = Release|Any CPU
	EndGlobalSection
	GlobalSection(ProjectConfigurationPlatforms) = postSolution
		{557669F4-5D43-4265-A2A0-24DDF8E1E8C1}.Debug|Any CPU.ActiveCfg = Debug|Any CPU
		{557669F4-5D43-4265-A2A0-24DDF8E1E8C1}.Debug|Any CPU.Build.0 = Debug|Any CPU
		{557669F4-5D43-4265-A2A0-24DDF8E1E8C1}.Release|Any CPU.ActiveCfg = Release|Any CPU
		{557669F4-5D43-4265-A2A0-24DDF8E1E8C1}.Release|Any CPU.Build.0 = Release|Any CPU
		{CD8256B5-8520-41AB-8F7F-5F5727A6AC42}.Debug|Any CPU.ActiveCfg = Debug|Any CPU
		{CD8256B5-8520-41AB-8F7F-5F5727A6AC42}.Debug|Any CPU.Build.0 = Debug|Any CPU
		{CD8256B5-8520-41AB-8F7F-5F5727A6AC42}.Release|Any CPU.ActiveCfg = Release|Any CPU
		{CD8256B5-8520-41AB-8F7F-5F5727A6AC42}.Release|Any CPU.Build.0 = Release|Any CPU
	EndGlobalSection
	GlobalSection(SolutionProperties) = preSolution
		HideSolutionNode = FALSE
	EndGlobalSection
	GlobalSection(ExtensibilityGlobals) = postSolution
		SolutionGuid = {DE52A818-6326-4BC9-86AB-2BA6311A97A8}
	EndGlobalSection
EndGlobal
